// !$*UTF8*$!
{
	archiveVersion = 1;
	classes = {
	};
	objectVersion = 50;
	objects = {

/* Begin PBXBuildFile section */
		F45722462402CE5800CB0B01 /* AppDelegate.swift in Sources */ = {isa = PBXBuildFile; fileRef = F45722452402CE5800CB0B01 /* AppDelegate.swift */; };
		F45722482402CE5800CB0B01 /* SceneDelegate.swift in Sources */ = {isa = PBXBuildFile; fileRef = F45722472402CE5800CB0B01 /* SceneDelegate.swift */; };
		F457224A2402CE5800CB0B01 /* ViewController.swift in Sources */ = {isa = PBXBuildFile; fileRef = F45722492402CE5800CB0B01 /* ViewController.swift */; };
		F457224D2402CE5800CB0B01 /* Main.storyboard in Resources */ = {isa = PBXBuildFile; fileRef = F457224B2402CE5800CB0B01 /* Main.storyboard */; };
		F457224F2402CE5A00CB0B01 /* Assets.xcassets in Resources */ = {isa = PBXBuildFile; fileRef = F457224E2402CE5A00CB0B01 /* Assets.xcassets */; };
		F45722522402CE5A00CB0B01 /* LaunchScreen.storyboard in Resources */ = {isa = PBXBuildFile; fileRef = F45722502402CE5A00CB0B01 /* LaunchScreen.storyboard */; };
		F457225A2402D60500CB0B01 /* TileView.swift in Sources */ = {isa = PBXBuildFile; fileRef = F45722592402D60500CB0B01 /* TileView.swift */; };
/* End PBXBuildFile section */

/* Begin PBXFileReference section */
		F45722422402CE5800CB0B01 /* FirstLayout-v11.app */ = {isa = PBXFileReference; explicitFileType = wrapper.application; includeInIndex = 0; path = "FirstLayout-v11.app"; sourceTree = BUILT_PRODUCTS_DIR; };
		F45722452402CE5800CB0B01 /* AppDelegate.swift */ = {isa = PBXFileReference; lastKnownFileType = sourcecode.swift; path = AppDelegate.swift; sourceTree = "<group>"; };
		F45722472402CE5800CB0B01 /* SceneDelegate.swift */ = {isa = PBXFileReference; lastKnownFileType = sourcecode.swift; path = SceneDelegate.swift; sourceTree = "<group>"; };
		F45722492402CE5800CB0B01 /* ViewController.swift */ = {isa = PBXFileReference; lastKnownFileType = sourcecode.swift; path = ViewController.swift; sourceTree = "<group>"; };
		F457224C2402CE5800CB0B01 /* Base */ = {isa = PBXFileReference; lastKnownFileType = file.storyboard; name = Base; path = Base.lproj/Main.storyboard; sourceTree = "<group>"; };
		F457224E2402CE5A00CB0B01 /* Assets.xcassets */ = {isa = PBXFileReference; lastKnownFileType = folder.assetcatalog; path = Assets.xcassets; sourceTree = "<group>"; };
		F45722512402CE5A00CB0B01 /* Base */ = {isa = PBXFileReference; lastKnownFileType = file.storyboard; name = Base; path = Base.lproj/LaunchScreen.storyboard; sourceTree = "<group>"; };
		F45722532402CE5A00CB0B01 /* Info.plist */ = {isa = PBXFileReference; lastKnownFileType = text.plist.xml; path = Info.plist; sourceTree = "<group>"; };
		F45722592402D60500CB0B01 /* TileView.swift */ = {isa = PBXFileReference; lastKnownFileType = sourcecode.swift; path = TileView.swift; sourceTree = "<group>"; };
/* End PBXFileReference section */

/* Begin PBXFrameworksBuildPhase section */
		F457223F2402CE5800CB0B01 /* Frameworks */ = {
			isa = PBXFrameworksBuildPhase;
			buildActionMask = 2147483647;
			files = (
			);
			runOnlyForDeploymentPostprocessing = 0;
		};
/* End PBXFrameworksBuildPhase section */

/* Begin PBXGroup section */
		F45722392402CE5800CB0B01 = {
			isa = PBXGroup;
			children = (
				F45722442402CE5800CB0B01 /* FirstLayout-v11 */,
				F45722432402CE5800CB0B01 /* Products */,
			);
			sourceTree = "<group>";
		};
		F45722432402CE5800CB0B01 /* Products */ = {
			isa = PBXGroup;
			children = (
				F45722422402CE5800CB0B01 /* FirstLayout-v11.app */,
			);
			name = Products;
			sourceTree = "<group>";
		};
		F45722442402CE5800CB0B01 /* FirstLayout-v11 */ = {
			isa = PBXGroup;
			children = (
				F457225C2402FED500CB0B01 /* Supporting FIles */,
				F457225B2402FEAC00CB0B01 /* Views */,
			);
			path = "FirstLayout-v11";
			sourceTree = "<group>";
		};
		F457225B2402FEAC00CB0B01 /* Views */ = {
			isa = PBXGroup;
			children = (
				F45722492402CE5800CB0B01 /* ViewController.swift */,
				F45722592402D60500CB0B01 /* TileView.swift */,
				F457224B2402CE5800CB0B01 /* Main.storyboard */,
				F45722502402CE5A00CB0B01 /* LaunchScreen.storyboard */,
			);
			path = Views;
			sourceTree = "<group>";
		};
		F457225C2402FED500CB0B01 /* Supporting FIles */ = {
			isa = PBXGroup;
			children = (
				F45722452402CE5800CB0B01 /* AppDelegate.swift */,
				F45722472402CE5800CB0B01 /* SceneDelegate.swift */,
				F457224E2402CE5A00CB0B01 /* Assets.xcassets */,
				F45722532402CE5A00CB0B01 /* Info.plist */,
			);
			path = "Supporting FIles";
			sourceTree = "<group>";
		};
/* End PBXGroup section */

/* Begin PBXNativeTarget section */
		F45722412402CE5800CB0B01 /* FirstLayout-v11 */ = {
			isa = PBXNativeTarget;
			buildConfigurationList = F45722562402CE5A00CB0B01 /* Build configuration list for PBXNativeTarget "FirstLayout-v11" */;
			buildPhases = (
				F457223E2402CE5800CB0B01 /* Sources */,
				F457223F2402CE5800CB0B01 /* Frameworks */,
				F45722402402CE5800CB0B01 /* Resources */,
			);
			buildRules = (
			);
			dependencies = (
			);
			name = "FirstLayout-v11";
			productName = "FirstLayout-v11";
			productReference = F45722422402CE5800CB0B01 /* FirstLayout-v11.app */;
			productType = "com.apple.product-type.application";
		};
/* End PBXNativeTarget section */

/* Begin PBXProject section */
		F457223A2402CE5800CB0B01 /* Project object */ = {
			isa = PBXProject;
			attributes = {
				LastSwiftUpdateCheck = 1130;
				LastUpgradeCheck = 1130;
				ORGANIZATIONNAME = "Ygor Nascimento";
				TargetAttributes = {
					F45722412402CE5800CB0B01 = {
						CreatedOnToolsVersion = 11.3;
					};
				};
			};
			buildConfigurationList = F457223D2402CE5800CB0B01 /* Build configuration list for PBXProject "FirstLayout-v11" */;
			compatibilityVersion = "Xcode 9.3";
			developmentRegion = en;
			hasScannedForEncodings = 0;
			knownRegions = (
				en,
				Base,
			);
			mainGroup = F45722392402CE5800CB0B01;
			productRefGroup = F45722432402CE5800CB0B01 /* Products */;
			projectDirPath = "";
			projectRoot = "";
			targets = (
				F45722412402CE5800CB0B01 /* FirstLayout-v11 */,
			);
		};
/* End PBXProject section */

/* Begin PBXResourcesBuildPhase section */
		F45722402402CE5800CB0B01 /* Resources */ = {
			isa = PBXResourcesBuildPhase;
			buildActionMask = 2147483647;
			files = (
				F45722522402CE5A00CB0B01 /* LaunchScreen.storyboard in Resources */,
				F457224F2402CE5A00CB0B01 /* Assets.xcassets in Resources */,
				F457224D2402CE5800CB0B01 /* Main.storyboard in Resources */,
			);
			runOnlyForDeploymentPostprocessing = 0;
		};
/* End PBXResourcesBuildPhase section */

/* Begin PBXSourcesBuildPhase section */
		F457223E2402CE5800CB0B01 /* Sources */ = {
			isa = PBXSourcesBuildPhase;
			buildActionMask = 2147483647;
			files = (
				F457224A2402CE5800CB0B01 /* ViewController.swift in Sources */,
				F45722462402CE5800CB0B01 /* AppDelegate.swift in Sources */,
				F457225A2402D60500CB0B01 /* TileView.swift in Sources */,
				F45722482402CE5800CB0B01 /* SceneDelegate.swift in Sources */,
			);
			runOnlyForDeploymentPostprocessing = 0;
		};
/* End PBXSourcesBuildPhase section */

/* Begin PBXVariantGroup section */
		F457224B2402CE5800CB0B01 /* Main.storyboard */ = {
			isa = PBXVariantGroup;
			children = (
				F457224C2402CE5800CB0B01 /* Base */,
			);
			name = Main.storyboard;
			sourceTree = "<group>";
		};
		F45722502402CE5A00CB0B01 /* LaunchScreen.storyboard */ = {
			isa = PBXVariantGroup;
			children = (
				F45722512402CE5A00CB0B01 /* Base */,
			);
			name = LaunchScreen.storyboard;
			sourceTree = "<group>";
		};
/* End PBXVariantGroup section */

/* Begin XCBuildConfiguration section */
		F45722542402CE5A00CB0B01 /* Debug */ = {
			isa = XCBuildConfiguration;
			buildSettings = {
				ALWAYS_SEARCH_USER_PATHS = NO;
				CLANG_ANALYZER_NONNULL = YES;
				CLANG_ANALYZER_NUMBER_OBJECT_CONVERSION = YES_AGGRESSIVE;
				CLANG_CXX_LANGUAGE_STANDARD = "gnu++14";
				CLANG_CXX_LIBRARY = "libc++";
				CLANG_ENABLE_MODULES = YES;
				CLANG_ENABLE_OBJC_ARC = YES;
				CLANG_ENABLE_OBJC_WEAK = YES;
				CLANG_WARN_BLOCK_CAPTURE_AUTORELEASING = YES;
				CLANG_WARN_BOOL_CONVERSION = YES;
				CLANG_WARN_COMMA = YES;
				CLANG_WARN_CONSTANT_CONVERSION = YES;
				CLANG_WARN_DEPRECATED_OBJC_IMPLEMENTATIONS = YES;
				CLANG_WARN_DIRECT_OBJC_ISA_USAGE = YES_ERROR;
				CLANG_WARN_DOCUMENTATION_COMMENTS = YES;
				CLANG_WARN_EMPTY_BODY = YES;
				CLANG_WARN_ENUM_CONVERSION = YES;
				CLANG_WARN_INFINITE_RECURSION = YES;
				CLANG_WARN_INT_CONVERSION = YES;
				CLANG_WARN_NON_LITERAL_NULL_CONVERSION = YES;
				CLANG_WARN_OBJC_IMPLICIT_RETAIN_SELF = YES;
				CLANG_WARN_OBJC_LITERAL_CONVERSION = YES;
				CLANG_WARN_OBJC_ROOT_CLASS = YES_ERROR;
				CLANG_WARN_RANGE_LOOP_ANALYSIS = YES;
				CLANG_WARN_STRICT_PROTOTYPES = YES;
				CLANG_WARN_SUSPICIOUS_MOVE = YES;
				CLANG_WARN_UNGUARDED_AVAILABILITY = YES_AGGRESSIVE;
				CLANG_WARN_UNREACHABLE_CODE = YES;
				CLANG_WARN__DUPLICATE_METHOD_MATCH = YES;
				COPY_PHASE_STRIP = NO;
				DEBUG_INFORMATION_FORMAT = dwarf;
				ENABLE_STRICT_OBJC_MSGSEND = YES;
				ENABLE_TESTABILITY = YES;
				GCC_C_LANGUAGE_STANDARD = gnu11;
				GCC_DYNAMIC_NO_PIC = NO;
				GCC_NO_COMMON_BLOCKS = YES;
				GCC_OPTIMIZATION_LEVEL = 0;
				GCC_PREPROCESSOR_DEFINITIONS = (
					"DEBUG=1",
					"$(inherited)",
				);
				GCC_WARN_64_TO_32_BIT_CONVERSION = YES;
				GCC_WARN_ABOUT_RETURN_TYPE = YES_ERROR;
				GCC_WARN_UNDECLARED_SELECTOR = YES;
				GCC_WARN_UNINITIALIZED_AUTOS = YES_AGGRESSIVE;
				GCC_WARN_UNUSED_FUNCTION = YES;
				GCC_WARN_UNUSED_VARIABLE = YES;
				IPHONEOS_DEPLOYMENT_TARGET = 13.2;
				MTL_ENABLE_DEBUG_INFO = INCLUDE_SOURCE;
				MTL_FAST_MATH = YES;
				ONLY_ACTIVE_ARCH = YES;
				SDKROOT = iphoneos;
				SWIFT_ACTIVE_COMPILATION_CONDITIONS = DEBUG;
				SWIFT_OPTIMIZATION_LEVEL = "-Onone";
			};
			name = Debug;
		};
		F45722552402CE5A00CB0B01 /* Release */ = {
			isa = XCBuildConfiguration;
			buildSettings = {
				ALWAYS_SEARCH_USER_PATHS = NO;
				CLANG_ANALYZER_NONNULL = YES;
				CLANG_ANALYZER_NUMBER_OBJECT_CONVERSION = YES_AGGRESSIVE;
				CLANG_CXX_LANGUAGE_STANDARD = "gnu++14";
				CLANG_CXX_LIBRARY = "libc++";
				CLANG_ENABLE_MODULES = YES;
				CLANG_ENABLE_OBJC_ARC = YES;
				CLANG_ENABLE_OBJC_WEAK = YES;
				CLANG_WARN_BLOCK_CAPTURE_AUTORELEASING = YES;
				CLANG_WARN_BOOL_CONVERSION = YES;
				CLANG_WARN_COMMA = YES;
				CLANG_WARN_CONSTANT_CONVERSION = YES;
				CLANG_WARN_DEPRECATED_OBJC_IMPLEMENTATIONS = YES;
				CLANG_WARN_DIRECT_OBJC_ISA_USAGE = YES_ERROR;
				CLANG_WARN_DOCUMENTATION_COMMENTS = YES;
				CLANG_WARN_EMPTY_BODY = YES;
				CLANG_WARN_ENUM_CONVERSION = YES;
				CLANG_WARN_INFINITE_RECURSION = YES;
				CLANG_WARN_INT_CONVERSION = YES;
				CLANG_WARN_NON_LITERAL_NULL_CONVERSION = YES;
				CLANG_WARN_OBJC_IMPLICIT_RETAIN_SELF = YES;
				CLANG_WARN_OBJC_LITERAL_CONVERSION = YES;
				CLANG_WARN_OBJC_ROOT_CLASS = YES_ERROR;
				CLANG_WARN_RANGE_LOOP_ANALYSIS = YES;
				CLANG_WARN_STRICT_PROTOTYPES = YES;
				CLANG_WARN_SUSPICIOUS_MOVE = YES;
				CLANG_WARN_UNGUARDED_AVAILABILITY = YES_AGGRESSIVE;
				CLANG_WARN_UNREACHABLE_CODE = YES;
				CLANG_WARN__DUPLICATE_METHOD_MATCH = YES;
				COPY_PHASE_STRIP = NO;
				DEBUG_INFORMATION_FORMAT = "dwarf-with-dsym";
				ENABLE_NS_ASSERTIONS = NO;
				ENABLE_STRICT_OBJC_MSGSEND = YES;
				GCC_C_LANGUAGE_STANDARD = gnu11;
				GCC_NO_COMMON_BLOCKS = YES;
				GCC_WARN_64_TO_32_BIT_CONVERSION = YES;
				GCC_WARN_ABOUT_RETURN_TYPE = YES_ERROR;
				GCC_WARN_UNDECLARED_SELECTOR = YES;
				GCC_WARN_UNINITIALIZED_AUTOS = YES_AGGRESSIVE;
				GCC_WARN_UNUSED_FUNCTION = YES;
				GCC_WARN_UNUSED_VARIABLE = YES;
				IPHONEOS_DEPLOYMENT_TARGET = 13.2;
				MTL_ENABLE_DEBUG_INFO = NO;
				MTL_FAST_MATH = YES;
				SDKROOT = iphoneos;
				SWIFT_COMPILATION_MODE = wholemodule;
				SWIFT_OPTIMIZATION_LEVEL = "-O";
				VALIDATE_PRODUCT = YES;
			};
			name = Release;
		};
		F45722572402CE5A00CB0B01 /* Debug */ = {
			isa = XCBuildConfiguration;
			buildSettings = {
				ASSETCATALOG_COMPILER_APPICON_NAME = AppIcon;
				CODE_SIGN_STYLE = Automatic;
				DEVELOPMENT_TEAM = 44ST363BTK;
				INFOPLIST_FILE = "FirstLayout-v11/Supporting FIles/Info.plist";
				LD_RUNPATH_SEARCH_PATHS = (
					"$(inherited)",
					"@executable_path/Frameworks",
				);
				PRODUCT_BUNDLE_IDENTIFIER = "br.com.ynascimento.FirstLayout-v11";
				PRODUCT_NAME = "$(TARGET_NAME)";
				SWIFT_VERSION = 5.0;
				TARGETED_DEVICE_FAMILY = "1,2";
			};
			name = Debug;
		};
		F45722582402CE5A00CB0B01 /* Release */ = {
			isa = XCBuildConfiguration;
			buildSettings = {
				ASSETCATALOG_COMPILER_APPICON_NAME = AppIcon;
				CODE_SIGN_STYLE = Automatic;
				DEVELOPMENT_TEAM = 44ST363BTK;
				INFOPLIST_FILE = "FirstLayout-v11/Supporting FIles/Info.plist";
				LD_RUNPATH_SEARCH_PATHS = (
					"$(inherited)",
					"@executable_path/Frameworks",
				);
				PRODUCT_BUNDLE_IDENTIFIER = "br.com.ynascimento.FirstLayout-v11";
				PRODUCT_NAME = "$(TARGET_NAME)";
				SWIFT_VERSION = 5.0;
				TARGETED_DEVICE_FAMILY = "1,2";
			};
			name = Release;
		};
/* End XCBuildConfiguration section */

/* Begin XCConfigurationList section */
		F457223D2402CE5800CB0B01 /* Build configuration list for PBXProject "FirstLayout-v11" */ = {
			isa = XCConfigurationList;
			buildConfigurations = (
				F45722542402CE5A00CB0B01 /* Debug */,
				F45722552402CE5A00CB0B01 /* Release */,
			);
			defaultConfigurationIsVisible = 0;
			defaultConfigurationName = Release;
		};
		F45722562402CE5A00CB0B01 /* Build configuration list for PBXNativeTarget "FirstLayout-v11" */ = {
			isa = XCConfigurationList;
			buildConfigurations = (
				F45722572402CE5A00CB0B01 /* Debug */,
				F45722582402CE5A00CB0B01 /* Release */,
			);
			defaultConfigurationIsVisible = 0;
			defaultConfigurationName = Release;
		};
/* End XCConfigurationList section */
	};
	rootObject = F457223A2402CE5800CB0B01 /* Project object */;
}
